// !$*UTF8*$!
{
	archiveVersion = 1;
	classes = {
	};
	objectVersion = 56;
	objects = {

/* Begin PBXBuildFile section */
		56898C962976D32700AF1D62 /* AppDelegate.swift in Sources */ = {isa = PBXBuildFile; fileRef = 56898C952976D32700AF1D62 /* AppDelegate.swift */; };
		56898C9A2976D32700AF1D62 /* SketchViewController.swift in Sources */ = {isa = PBXBuildFile; fileRef = 56898C992976D32700AF1D62 /* SketchViewController.swift */; };
		56898C9F2976D32800AF1D62 /* Assets.xcassets in Resources */ = {isa = PBXBuildFile; fileRef = 56898C9E2976D32800AF1D62 /* Assets.xcassets */; };
		56898CA22976D32800AF1D62 /* LaunchScreen.storyboard in Resources */ = {isa = PBXBuildFile; fileRef = 56898CA02976D32800AF1D62 /* LaunchScreen.storyboard */; };
		56898CAB2976D39F00AF1D62 /* JotUI.framework in Frameworks */ = {isa = PBXBuildFile; fileRef = 56898CAA2976D39F00AF1D62 /* JotUI.framework */; };
		56898CC52976D79C00AF1D62 /* coloredpoint.vsh in Resources */ = {isa = PBXBuildFile; fileRef = 56898CAD2976D44500AF1D62 /* coloredpoint.vsh */; };
		56898CC62976D79C00AF1D62 /* colorlesspoint.vsh in Resources */ = {isa = PBXBuildFile; fileRef = 56898CAF2976D44500AF1D62 /* colorlesspoint.vsh */; };
		56898CC72976D79C00AF1D62 /* point.fsh in Resources */ = {isa = PBXBuildFile; fileRef = 56898CAC2976D44500AF1D62 /* point.fsh */; };
		56898CC82976D79C00AF1D62 /* quad.fsh in Resources */ = {isa = PBXBuildFile; fileRef = 56898CAE2976D44500AF1D62 /* quad.fsh */; };
		56898CC92976D79C00AF1D62 /* quad.vsh in Resources */ = {isa = PBXBuildFile; fileRef = 56898CB12976D44500AF1D62 /* quad.vsh */; };
		56898CCA2976D79C00AF1D62 /* stencil.fsh in Resources */ = {isa = PBXBuildFile; fileRef = 56898CB02976D44500AF1D62 /* stencil.fsh */; };
/* End PBXBuildFile section */

/* Begin PBXFileReference section */
		56898C922976D32700AF1D62 /* Sketch.app */ = {isa = PBXFileReference; explicitFileType = wrapper.application; includeInIndex = 0; path = Sketch.app; sourceTree = BUILT_PRODUCTS_DIR; };
		56898C952976D32700AF1D62 /* AppDelegate.swift */ = {isa = PBXFileReference; lastKnownFileType = sourcecode.swift; path = AppDelegate.swift; sourceTree = "<group>"; };
		56898C992976D32700AF1D62 /* SketchViewController.swift */ = {isa = PBXFileReference; lastKnownFileType = sourcecode.swift; path = SketchViewController.swift; sourceTree = "<group>"; };
		56898C9E2976D32800AF1D62 /* Assets.xcassets */ = {isa = PBXFileReference; lastKnownFileType = folder.assetcatalog; path = Assets.xcassets; sourceTree = "<group>"; };
		56898CA12976D32800AF1D62 /* Base */ = {isa = PBXFileReference; lastKnownFileType = file.storyboard; name = Base; path = Base.lproj/LaunchScreen.storyboard; sourceTree = "<group>"; };
		56898CA32976D32800AF1D62 /* Info.plist */ = {isa = PBXFileReference; lastKnownFileType = text.plist.xml; path = Info.plist; sourceTree = "<group>"; };
		56898CAA2976D39F00AF1D62 /* JotUI.framework */ = {isa = PBXFileReference; explicitFileType = wrapper.framework; path = JotUI.framework; sourceTree = BUILT_PRODUCTS_DIR; };
		56898CAC2976D44500AF1D62 /* point.fsh */ = {isa = PBXFileReference; lastKnownFileType = sourcecode.glsl; path = point.fsh; sourceTree = "<group>"; };
		56898CAD2976D44500AF1D62 /* coloredpoint.vsh */ = {isa = PBXFileReference; lastKnownFileType = sourcecode.glsl; path = coloredpoint.vsh; sourceTree = "<group>"; };
		56898CAE2976D44500AF1D62 /* quad.fsh */ = {isa = PBXFileReference; lastKnownFileType = sourcecode.glsl; path = quad.fsh; sourceTree = "<group>"; };
		56898CAF2976D44500AF1D62 /* colorlesspoint.vsh */ = {isa = PBXFileReference; lastKnownFileType = sourcecode.glsl; path = colorlesspoint.vsh; sourceTree = "<group>"; };
		56898CB02976D44500AF1D62 /* stencil.fsh */ = {isa = PBXFileReference; lastKnownFileType = sourcecode.glsl; path = stencil.fsh; sourceTree = "<group>"; };
		56898CB12976D44500AF1D62 /* quad.vsh */ = {isa = PBXFileReference; lastKnownFileType = sourcecode.glsl; path = quad.vsh; sourceTree = "<group>"; };
/* End PBXFileReference section */

/* Begin PBXFrameworksBuildPhase section */
		56898C8F2976D32700AF1D62 /* Frameworks */ = {
			isa = PBXFrameworksBuildPhase;
			buildActionMask = 2147483647;
			files = (
				56898CAB2976D39F00AF1D62 /* JotUI.framework in Frameworks */,
			);
			runOnlyForDeploymentPostprocessing = 0;
		};
/* End PBXFrameworksBuildPhase section */

/* Begin PBXGroup section */
		56898C892976D32700AF1D62 = {
			isa = PBXGroup;
			children = (
				56898C942976D32700AF1D62 /* Sketch */,
				56898C932976D32700AF1D62 /* Products */,
				56898CA92976D39F00AF1D62 /* Frameworks */,
			);
			sourceTree = "<group>";
		};
		56898C932976D32700AF1D62 /* Products */ = {
			isa = PBXGroup;
			children = (
				56898C922976D32700AF1D62 /* Sketch.app */,
			);
			name = Products;
			sourceTree = "<group>";
		};
		56898C942976D32700AF1D62 /* Sketch */ = {
			isa = PBXGroup;
			children = (
				56898CBC2976D68300AF1D62 /* Supporting Files */,
				56898CBB2976D67D00AF1D62 /* Sources */,
				56898CB82976D63600AF1D62 /* Resources */,
			);
			path = Sketch;
			sourceTree = "<group>";
		};
		56898CA92976D39F00AF1D62 /* Frameworks */ = {
			isa = PBXGroup;
			children = (
				56898CAA2976D39F00AF1D62 /* JotUI.framework */,
			);
			name = Frameworks;
			sourceTree = "<group>";
		};
		56898CB82976D63600AF1D62 /* Resources */ = {
			isa = PBXGroup;
			children = (
				56898CA02976D32800AF1D62 /* LaunchScreen.storyboard */,
				56898C9E2976D32800AF1D62 /* Assets.xcassets */,
				56898CB92976D64B00AF1D62 /* JotUI */,
			);
			path = Resources;
			sourceTree = "<group>";
		};
		56898CB92976D64B00AF1D62 /* JotUI */ = {
			isa = PBXGroup;
			children = (
				56898CAD2976D44500AF1D62 /* coloredpoint.vsh */,
				56898CAF2976D44500AF1D62 /* colorlesspoint.vsh */,
				56898CAC2976D44500AF1D62 /* point.fsh */,
				56898CAE2976D44500AF1D62 /* quad.fsh */,
				56898CB12976D44500AF1D62 /* quad.vsh */,
				56898CB02976D44500AF1D62 /* stencil.fsh */,
			);
			path = JotUI;
			sourceTree = "<group>";
		};
		56898CBB2976D67D00AF1D62 /* Sources */ = {
			isa = PBXGroup;
			children = (
				56898C952976D32700AF1D62 /* AppDelegate.swift */,
				56898CBD2976D6E400AF1D62 /* Scenes */,
			);
			path = Sources;
			sourceTree = "<group>";
		};
		56898CBC2976D68300AF1D62 /* Supporting Files */ = {
			isa = PBXGroup;
			children = (
				56898CA32976D32800AF1D62 /* Info.plist */,
			);
			path = "Supporting Files";
			sourceTree = "<group>";
		};
		56898CBD2976D6E400AF1D62 /* Scenes */ = {
			isa = PBXGroup;
			children = (
				56898CBE2976D6ED00AF1D62 /* Sketch */,
			);
			path = Scenes;
			sourceTree = "<group>";
		};
		56898CBE2976D6ED00AF1D62 /* Sketch */ = {
			isa = PBXGroup;
			children = (
				56898C992976D32700AF1D62 /* SketchViewController.swift */,
			);
			path = Sketch;
			sourceTree = "<group>";
		};
/* End PBXGroup section */

/* Begin PBXNativeTarget section */
		56898C912976D32700AF1D62 /* Sketch */ = {
			isa = PBXNativeTarget;
			buildConfigurationList = 56898CA62976D32800AF1D62 /* Build configuration list for PBXNativeTarget "Sketch" */;
			buildPhases = (
				56898C8E2976D32700AF1D62 /* Sources */,
				56898C8F2976D32700AF1D62 /* Frameworks */,
				56898C902976D32700AF1D62 /* Resources */,
			);
			buildRules = (
			);
			dependencies = (
			);
			name = Sketch;
			productName = Sketch;
			productReference = 56898C922976D32700AF1D62 /* Sketch.app */;
			productType = "com.apple.product-type.application";
		};
/* End PBXNativeTarget section */

/* Begin PBXProject section */
		56898C8A2976D32700AF1D62 /* Project object */ = {
			isa = PBXProject;
			attributes = {
				BuildIndependentTargetsInParallel = 1;
				LastSwiftUpdateCheck = 1420;
				LastUpgradeCheck = 1420;
				TargetAttributes = {
					56898C912976D32700AF1D62 = {
						CreatedOnToolsVersion = 14.2;
					};
				};
			};
			buildConfigurationList = 56898C8D2976D32700AF1D62 /* Build configuration list for PBXProject "Sketch" */;
			compatibilityVersion = "Xcode 14.0";
			developmentRegion = en;
			hasScannedForEncodings = 0;
			knownRegions = (
				en,
				Base,
			);
			mainGroup = 56898C892976D32700AF1D62;
			productRefGroup = 56898C932976D32700AF1D62 /* Products */;
			projectDirPath = "";
			projectRoot = "";
			targets = (
				56898C912976D32700AF1D62 /* Sketch */,
			);
		};
/* End PBXProject section */

/* Begin PBXResourcesBuildPhase section */
		56898C902976D32700AF1D62 /* Resources */ = {
			isa = PBXResourcesBuildPhase;
			buildActionMask = 2147483647;
			files = (
				56898CC52976D79C00AF1D62 /* coloredpoint.vsh in Resources */,
				56898CC62976D79C00AF1D62 /* colorlesspoint.vsh in Resources */,
				56898CC72976D79C00AF1D62 /* point.fsh in Resources */,
				56898CC82976D79C00AF1D62 /* quad.fsh in Resources */,
				56898CC92976D79C00AF1D62 /* quad.vsh in Resources */,
				56898CCA2976D79C00AF1D62 /* stencil.fsh in Resources */,
				56898CA22976D32800AF1D62 /* LaunchScreen.storyboard in Resources */,
				56898C9F2976D32800AF1D62 /* Assets.xcassets in Resources */,
			);
			runOnlyForDeploymentPostprocessing = 0;
		};
/* End PBXResourcesBuildPhase section */

/* Begin PBXSourcesBuildPhase section */
		56898C8E2976D32700AF1D62 /* Sources */ = {
			isa = PBXSourcesBuildPhase;
			buildActionMask = 2147483647;
			files = (
				56898C9A2976D32700AF1D62 /* SketchViewController.swift in Sources */,
				56898C962976D32700AF1D62 /* AppDelegate.swift in Sources */,
			);
			runOnlyForDeploymentPostprocessing = 0;
		};
/* End PBXSourcesBuildPhase section */

/* Begin PBXVariantGroup section */
		56898CA02976D32800AF1D62 /* LaunchScreen.storyboard */ = {
			isa = PBXVariantGroup;
			children = (
				56898CA12976D32800AF1D62 /* Base */,
			);
			name = LaunchScreen.storyboard;
			sourceTree = "<group>";
		};
/* End PBXVariantGroup section */

/* Begin XCBuildConfiguration section */
		56898CA42976D32800AF1D62 /* Debug */ = {
			isa = XCBuildConfiguration;
			buildSettings = {
				ALWAYS_SEARCH_USER_PATHS = NO;
				CLANG_ANALYZER_NONNULL = YES;
				CLANG_ANALYZER_NUMBER_OBJECT_CONVERSION = YES_AGGRESSIVE;
				CLANG_CXX_LANGUAGE_STANDARD = "gnu++20";
				CLANG_ENABLE_MODULES = YES;
				CLANG_ENABLE_OBJC_ARC = YES;
				CLANG_ENABLE_OBJC_WEAK = YES;
				CLANG_WARN_BLOCK_CAPTURE_AUTORELEASING = YES;
				CLANG_WARN_BOOL_CONVERSION = YES;
				CLANG_WARN_COMMA = YES;
				CLANG_WARN_CONSTANT_CONVERSION = YES;
				CLANG_WARN_DEPRECATED_OBJC_IMPLEMENTATIONS = YES;
				CLANG_WARN_DIRECT_OBJC_ISA_USAGE = YES_ERROR;
				CLANG_WARN_DOCUMENTATION_COMMENTS = YES;
				CLANG_WARN_EMPTY_BODY = YES;
				CLANG_WARN_ENUM_CONVERSION = YES;
				CLANG_WARN_INFINITE_RECURSION = YES;
				CLANG_WARN_INT_CONVERSION = YES;
				CLANG_WARN_NON_LITERAL_NULL_CONVERSION = YES;
				CLANG_WARN_OBJC_IMPLICIT_RETAIN_SELF = YES;
				CLANG_WARN_OBJC_LITERAL_CONVERSION = YES;
				CLANG_WARN_OBJC_ROOT_CLASS = YES_ERROR;
				CLANG_WARN_QUOTED_INCLUDE_IN_FRAMEWORK_HEADER = YES;
				CLANG_WARN_RANGE_LOOP_ANALYSIS = YES;
				CLANG_WARN_STRICT_PROTOTYPES = YES;
				CLANG_WARN_SUSPICIOUS_MOVE = YES;
				CLANG_WARN_UNGUARDED_AVAILABILITY = YES_AGGRESSIVE;
				CLANG_WARN_UNREACHABLE_CODE = YES;
				CLANG_WARN__DUPLICATE_METHOD_MATCH = YES;
				COPY_PHASE_STRIP = NO;
				DEBUG_INFORMATION_FORMAT = dwarf;
				ENABLE_STRICT_OBJC_MSGSEND = YES;
				ENABLE_TESTABILITY = YES;
				GCC_C_LANGUAGE_STANDARD = gnu11;
				GCC_DYNAMIC_NO_PIC = NO;
				GCC_NO_COMMON_BLOCKS = YES;
				GCC_OPTIMIZATION_LEVEL = 0;
				GCC_PREPROCESSOR_DEFINITIONS = (
					"DEBUG=1",
					"$(inherited)",
				);
				GCC_WARN_64_TO_32_BIT_CONVERSION = YES;
				GCC_WARN_ABOUT_RETURN_TYPE = YES_ERROR;
				GCC_WARN_UNDECLARED_SELECTOR = YES;
				GCC_WARN_UNINITIALIZED_AUTOS = YES_AGGRESSIVE;
				GCC_WARN_UNUSED_FUNCTION = YES;
				GCC_WARN_UNUSED_VARIABLE = YES;
				IPHONEOS_DEPLOYMENT_TARGET = 14.0;
				MTL_ENABLE_DEBUG_INFO = INCLUDE_SOURCE;
				MTL_FAST_MATH = YES;
				ONLY_ACTIVE_ARCH = YES;
				SDKROOT = iphoneos;
				SWIFT_ACTIVE_COMPILATION_CONDITIONS = DEBUG;
				SWIFT_OPTIMIZATION_LEVEL = "-Onone";
			};
			name = Debug;
		};
		56898CA52976D32800AF1D62 /* Release */ = {
			isa = XCBuildConfiguration;
			buildSettings = {
				ALWAYS_SEARCH_USER_PATHS = NO;
				CLANG_ANALYZER_NONNULL = YES;
				CLANG_ANALYZER_NUMBER_OBJECT_CONVERSION = YES_AGGRESSIVE;
				CLANG_CXX_LANGUAGE_STANDARD = "gnu++20";
				CLANG_ENABLE_MODULES = YES;
				CLANG_ENABLE_OBJC_ARC = YES;
				CLANG_ENABLE_OBJC_WEAK = YES;
				CLANG_WARN_BLOCK_CAPTURE_AUTORELEASING = YES;
				CLANG_WARN_BOOL_CONVERSION = YES;
				CLANG_WARN_COMMA = YES;
				CLANG_WARN_CONSTANT_CONVERSION = YES;
				CLANG_WARN_DEPRECATED_OBJC_IMPLEMENTATIONS = YES;
				CLANG_WARN_DIRECT_OBJC_ISA_USAGE = YES_ERROR;
				CLANG_WARN_DOCUMENTATION_COMMENTS = YES;
				CLANG_WARN_EMPTY_BODY = YES;
				CLANG_WARN_ENUM_CONVERSION = YES;
				CLANG_WARN_INFINITE_RECURSION = YES;
				CLANG_WARN_INT_CONVERSION = YES;
				CLANG_WARN_NON_LITERAL_NULL_CONVERSION = YES;
				CLANG_WARN_OBJC_IMPLICIT_RETAIN_SELF = YES;
				CLANG_WARN_OBJC_LITERAL_CONVERSION = YES;
				CLANG_WARN_OBJC_ROOT_CLASS = YES_ERROR;
				CLANG_WARN_QUOTED_INCLUDE_IN_FRAMEWORK_HEADER = YES;
				CLANG_WARN_RANGE_LOOP_ANALYSIS = YES;
				CLANG_WARN_STRICT_PROTOTYPES = YES;
				CLANG_WARN_SUSPICIOUS_MOVE = YES;
				CLANG_WARN_UNGUARDED_AVAILABILITY = YES_AGGRESSIVE;
				CLANG_WARN_UNREACHABLE_CODE = YES;
				CLANG_WARN__DUPLICATE_METHOD_MATCH = YES;
				COPY_PHASE_STRIP = NO;
				DEBUG_INFORMATION_FORMAT = "dwarf-with-dsym";
				ENABLE_NS_ASSERTIONS = NO;
				ENABLE_STRICT_OBJC_MSGSEND = YES;
				GCC_C_LANGUAGE_STANDARD = gnu11;
				GCC_NO_COMMON_BLOCKS = YES;
				GCC_WARN_64_TO_32_BIT_CONVERSION = YES;
				GCC_WARN_ABOUT_RETURN_TYPE = YES_ERROR;
				GCC_WARN_UNDECLARED_SELECTOR = YES;
				GCC_WARN_UNINITIALIZED_AUTOS = YES_AGGRESSIVE;
				GCC_WARN_UNUSED_FUNCTION = YES;
				GCC_WARN_UNUSED_VARIABLE = YES;
				IPHONEOS_DEPLOYMENT_TARGET = 14.0;
				MTL_ENABLE_DEBUG_INFO = NO;
				MTL_FAST_MATH = YES;
				SDKROOT = iphoneos;
				SWIFT_COMPILATION_MODE = wholemodule;
				SWIFT_OPTIMIZATION_LEVEL = "-O";
				VALIDATE_PRODUCT = YES;
			};
			name = Release;
		};
		56898CA72976D32800AF1D62 /* Debug */ = {
			isa = XCBuildConfiguration;
			buildSettings = {
				ASSETCATALOG_COMPILER_APPICON_NAME = AppIcon;
				ASSETCATALOG_COMPILER_GLOBAL_ACCENT_COLOR_NAME = AccentColor;
				CODE_SIGN_STYLE = Automatic;
				CURRENT_PROJECT_VERSION = 1;
				DEVELOPMENT_TEAM = JT57WV788F;
				GENERATE_INFOPLIST_FILE = YES;
				INFOPLIST_FILE = Sketch/Info.plist;
				INFOPLIST_KEY_UIApplicationSupportsIndirectInputEvents = YES;
				INFOPLIST_KEY_UILaunchStoryboardName = LaunchScreen;
				INFOPLIST_KEY_UISupportedInterfaceOrientations = UIInterfaceOrientationPortrait;
				LD_RUNPATH_SEARCH_PATHS = (
					"$(inherited)",
					"@executable_path/Frameworks",
				);
				MARKETING_VERSION = 1.0;
				OTHER_LDFLAGS = "-ObjC";
				PRODUCT_BUNDLE_IDENTIFIER = "com.tistory.darth-vader.Sketch";
				PRODUCT_NAME = "$(TARGET_NAME)";
				SUPPORTED_PLATFORMS = "iphoneos iphonesimulator";
				SUPPORTS_MACCATALYST = NO;
				SUPPORTS_MAC_DESIGNED_FOR_IPHONE_IPAD = NO;
				SWIFT_EMIT_LOC_STRINGS = YES;
				SWIFT_VERSION = 5.0;
				TARGETED_DEVICE_FAMILY = "1,2";
			};
			name = Debug;
		};
		56898CA82976D32800AF1D62 /* Release */ = {
			isa = XCBuildConfiguration;
			buildSettings = {
				ASSETCATALOG_COMPILER_APPICON_NAME = AppIcon;
				ASSETCATALOG_COMPILER_GLOBAL_ACCENT_COLOR_NAME = AccentColor;
				CODE_SIGN_STYLE = Automatic;
				CURRENT_PROJECT_VERSION = 1;
				DEVELOPMENT_TEAM = JT57WV788F;
				GENERATE_INFOPLIST_FILE = YES;
				INFOPLIST_FILE = Sketch/Info.plist;
				INFOPLIST_KEY_UIApplicationSupportsIndirectInputEvents = YES;
				INFOPLIST_KEY_UILaunchStoryboardName = LaunchScreen;
				INFOPLIST_KEY_UISupportedInterfaceOrientations = UIInterfaceOrientationPortrait;
				LD_RUNPATH_SEARCH_PATHS = (
					"$(inherited)",
					"@executable_path/Frameworks",
				);
				MARKETING_VERSION = 1.0;
				OTHER_LDFLAGS = "-ObjC";
				PRODUCT_BUNDLE_IDENTIFIER = "com.tistory.darth-vader.Sketch";
				PRODUCT_NAME = "$(TARGET_NAME)";
				SUPPORTED_PLATFORMS = "iphoneos iphonesimulator";
				SUPPORTS_MACCATALYST = NO;
				SUPPORTS_MAC_DESIGNED_FOR_IPHONE_IPAD = NO;
				SWIFT_EMIT_LOC_STRINGS = YES;
				SWIFT_VERSION = 5.0;
				TARGETED_DEVICE_FAMILY = "1,2";
			};
			name = Release;
		};
/* End XCBuildConfiguration section */

/* Begin XCConfigurationList section */
		56898C8D2976D32700AF1D62 /* Build configuration list for PBXProject "Sketch" */ = {
			isa = XCConfigurationList;
			buildConfigurations = (
				56898CA42976D32800AF1D62 /* Debug */,
				56898CA52976D32800AF1D62 /* Release */,
			);
			defaultConfigurationIsVisible = 0;
			defaultConfigurationName = Release;
		};
		56898CA62976D32800AF1D62 /* Build configuration list for PBXNativeTarget "Sketch" */ = {
			isa = XCConfigurationList;
			buildConfigurations = (
				56898CA72976D32800AF1D62 /* Debug */,
				56898CA82976D32800AF1D62 /* Release */,
			);
			defaultConfigurationIsVisible = 0;
			defaultConfigurationName = Release;
		};
/* End XCConfigurationList section */
	};
	rootObject = 56898C8A2976D32700AF1D62 /* Project object */;
}
